# @generated by Move, please check-in and do not edit manually.

[move]
version = 3
manifest_digest = "ED63FD49962DE44128543EA3A4A6D0994AE9BEE33D13F68CEAB4F13AD41054E6"
deps_digest = "F8BBB0CCB2491CA29A3DF03D6F92277A4F3574266507ACD77214D37ECA3F3082"
dependencies = [
  { id = "Iota", name = "Iota" },
]

[[move.package]]
id = "Iota"
source = { git = "https://github.com/iotaledger/iota.git", rev = "7e49c58b826b34c8e2b61842ef13c8de35a0aee8", subdir = "crates/iota-framework/packages/iota-framework" }

dependencies = [
  { id = "MoveStdlib", name = "MoveStdlib" },
]

[[move.package]]
id = "MoveStdlib"
source = { git = "https://github.com/iotaledger/iota.git", rev = "7e49c58b826b34c8e2b61842ef13c8de35a0aee8", subdir = "crates/iota-framework/packages/move-stdlib" }

[move.toolchain-version]
compiler-version = "1.2.2-rc"
edition = "2024.beta"
flavor = "iota"

[env]

[env.testnet]
chain-id = "2304aa97"
original-published-id = "0x578e0e09c462484af4a67ebe78a9149b308ac1cc294c60e2728155e91f30e4f8"
latest-published-id = "0x578e0e09c462484af4a67ebe78a9149b308ac1cc294c60e2728155e91f30e4f8"
published-version = "1"
